---
lockfileVersion: '9.0'

importers:

  .:
    configDependencies: {}
    packageManagerDependencies:
      pnpm:
        specifier: 12.6.0
        version: 12.6.0

packages:

  '@pnpm/exe.android-arm64@12.6.0':
    resolution: {integrity: sha512-kviIHft9h02q+7N2In7tSL9T/HRUSGwYmU74YPtsWU5ee7vgqPyC0JT6RRX6miW+NxX1CvHgQxg69qq1qTLJYQ==}
    cpu: [arm64]
    os: [android]

  '@pnpm/exe.android-x64@12.6.0':
    resolution: {integrity: sha512-CT8aJKLq2mtZFE71pr4E5Z2xHL8uGnRGr+NclDqsXlVF4SVcQ2QAs14mWi0C8gjT4hbmi+Q0lJRRIkMAWfjjng==}
    cpu: [x64]
    os: [android]

  '@pnpm/exe.darwin-arm64@12.6.0':
    resolution: {integrity: sha512-rafpVkjzugKBMxSvGQd5wK1x5eOTkD/+lcJIFHeQhvd+BJ8kDisOOvwhQDrpGd4vd2Fx+hhW0P2Ptt638OlhFg==}
    cpu: [arm64]
    os: [darwin]

  '@pnpm/exe.darwin-x64@12.6.0':
    resolution: {integrity: sha512-72Jpuv1m24gI8zUNcaylYpBWEhBzz1VPhnDIU2GYM2eRP+KsOqVLwV78i+JrihI39zY2NNXmaN4eAKX1inpaDQ==}
    cpu: [x64]
    os: [darwin]

  '@pnpm/exe.freebsd-x64@12.6.0':
    resolution: {integrity: sha512-LON4QgNy1w/XF4uySZIyC/5hEB0oGdelXsY9tSKqstER+2j2X2oHz67skD11RRd/HWFRtMr64shQZ4I9ZoZ0zg==}
    cpu: [x64]
    os: [freebsd]

  '@pnpm/exe.linux-arm64-musl@12.6.0':
    resolution: {integrity: sha512-BdDpX+DeaMUc5x6WNcE6FkmFy36NwrBbBvwsZU737Zt3u1fTY+iKFPchjEQNCM4rT6q6xvF2oN3ZwExGsJCkxQ==}
    cpu: [arm64]
    os: [linux]
    libc: [musl]

  '@pnpm/exe.linux-arm64@12.6.0':
    resolution: {integrity: sha512-8h2sNoIhHDpHDYqZZCh9PXr6krqW10btb0GHVGuw710muDHlFAHMtUG2ogmaHge6zJG1xgY4Y7mwX5g/LWvrYg==}
    cpu: [arm64]
    os: [linux]
    libc: [glibc]

  '@pnpm/exe.linux-ppc64@12.6.0':
    resolution: {integrity: sha512-ld6xgcEhFCFrsVsJhbmdmR714PnsEspO/Ij8w0/D7OSiz2hYGu3fZd5tKRxOI5m6H6Gl0/RRFAPncTHbsgXVjQ==}
    cpu: [ppc64]
    os: [linux]
    libc: [glibc]

  '@pnpm/exe.linux-riscv64@12.6.0':
    resolution: {integrity: sha512-HIbImydoC3J8NFt+8MXfhTCf5rO6NjCMyinSAHac0VmV8uCHw+kbQkyAzxV84rzz9ZOzmBOnj0b1N461UIYGsw==}
    cpu: [riscv64]
    os: [linux]
    libc: [glibc]

  '@pnpm/exe.linux-s390x@12.6.0':
    resolution: {integrity: sha512-DjSqT7+BZ/lWcDHwNMuzsRVfyxUimh+D54Xw4tSWbdVVQhtWtNMUyI93LVnwCmsoEpar2gC3SFeAgywx37svKQ==}
    cpu: [s390x]
    os: [linux]
    libc: [glibc]

  '@pnpm/exe.linux-x64-musl@12.6.0':
    resolution: {integrity: sha512-31lKeGPmRE6xfV6I3VjaEGVFRei14pl/zgoFDK4w+UkbJqOuNl2Ht3O1GuqNIg3Gl14qTEb4kZRAYFHXifDx9A==}
    cpu: [x64]
    os: [linux]
    libc: [musl]

  '@pnpm/exe.linux-x64@12.6.0':
    resolution: {integrity: sha512-qFWBneHJAJ73W4whtbaFOL1M/7DBC6ILHXuxc7ZPtEhfPuT1zeZiGrmKHoMAfJA+mcm6xhOFljqVTUS+00Jabw==}
    cpu: [x64]
    os: [linux]
    libc: [glibc]

  '@pnpm/exe.win32-arm64@12.6.0':
    resolution: {integrity: sha512-OhfefXEEykZlslSUhR8PPRe6MVPV3Oink/dVfIecE5velpc7j80cZYsHlaDrtRDcm3TPwQHkaRW1SJ1efX9oFg==}
    cpu: [arm64]
    os: [win32]

  '@pnpm/exe.win32-x64@12.6.0':
    resolution: {integrity: sha512-L2tuyrD2+Imgxs3VK/ST/2L3xD6vDP0ktJQxM0TaGw7TbAQEMq+RMc8iK6Ew7Id579uzjJe8jSfJID2ZGsOHCA==}
    cpu: [x64]
    os: [win32]

  pnpm@12.6.0:
    resolution: {integrity: sha512-PvaPlRyxEawgS0paFvCy3fDaVqluBBPoHYVdnwtV75JnFHCQKOHNAMQFwsX7e56OxNxGd3yAXQNzwvL/AP0g7A==}
    engines: {node: '>=18.*'}
    hasBin: true

snapshots:

  '@pnpm/exe.android-arm64@12.6.0':
    optional: true

  '@pnpm/exe.android-x64@12.6.0':
    optional: true

  '@pnpm/exe.darwin-arm64@12.6.0':
    optional: true

  '@pnpm/exe.darwin-x64@12.6.0':
    optional: true

  '@pnpm/exe.freebsd-x64@12.6.0':
    optional: true

  '@pnpm/exe.linux-arm64-musl@12.6.0':
    optional: true

  '@pnpm/exe.linux-arm64@12.6.0':
    optional: true

  '@pnpm/exe.linux-ppc64@12.6.0':
    optional: true

  '@pnpm/exe.linux-riscv64@12.6.0':
    optional: true

  '@pnpm/exe.linux-s390x@12.6.0':
    optional: true

  '@pnpm/exe.linux-x64-musl@12.6.0':
    optional: true

  '@pnpm/exe.linux-x64@12.6.0':
    optional: true

  '@pnpm/exe.win32-arm64@12.6.0':
    optional: true

  '@pnpm/exe.win32-x64@12.6.0':
    optional: true

  pnpm@12.6.0:
    optionalDependencies:
      '@pnpm/exe.android-arm64': 12.6.0
      '@pnpm/exe.android-x64': 12.6.0
      '@pnpm/exe.darwin-arm64': 12.6.0
      '@pnpm/exe.darwin-x64': 12.6.0
      '@pnpm/exe.freebsd-x64': 12.6.0
      '@pnpm/exe.linux-arm64': 12.6.0
      '@pnpm/exe.linux-arm64-musl': 12.6.0
      '@pnpm/exe.linux-ppc64': 12.6.0
      '@pnpm/exe.linux-riscv64': 12.6.0
      '@pnpm/exe.linux-s390x': 12.6.0
      '@pnpm/exe.linux-x64': 12.6.0
      '@pnpm/exe.linux-x64-musl': 12.6.0
      '@pnpm/exe.win32-arm64': 12.6.0
      '@pnpm/exe.win32-x64': 12.6.0

---
lockfileVersion: '9.0'

settings:
  autoInstallPeers: true
  excludeLinksFromLockfile: false

overrides:
  nanoid: 3.3.18
  postcss: 8.5.23
  smol-toml: 1.8.0

importers:

  .:
    devDependencies:
      '@axe-core/playwright':
        specifier: 4.13.0
        version: 4.13.0(playwright-core@1.61.1)
      '@playwright/test':
        specifier: 1.61.1
        version: 1.61.1
      '@vitest/coverage-v8':
        specifier: 5.0.1
        version: 5.0.1(vitest@5.0.1)
      markdownlint-cli2:
        specifier: 0.23.3
        version: 0.23.3
      prettier:
        specifier: 3.9.9
        version: 3.9.9
      vitest:
        specifier: 5.0.1
        version: 5.0.1(@vitest/coverage-v8@5.0.1)(vite@8.3.0)

packages:

  '@axe-core/playwright@4.13.0':
    resolution: {integrity: sha1-SCZGfJYi3ybw11tMF0fI2S7lmd4=}
    peerDependencies:
      playwright-core: '>= 1.0.0'

  '@babel/helper-string-parser@7.29.7':
    resolution: {integrity: sha1-fwhx2Zgk0jE31g+G/PYTD9WhtR8=}
    engines: {node: '>=6.9.0'}

  '@babel/helper-validator-identifier@7.29.7':
    resolution: {integrity: sha1-vYcITO0MeW7Ea9pJLeboPSnon8I=}
    engines: {node: '>=6.9.0'}

  '@babel/parser@7.29.9':
    resolution: {integrity: sha512-CjXrNHTnvqBVqHgdBysY3vk2T8tpJHb5/RMeHJBTyVa9xgugCB0CJTx/3oO8RV2QRQP391RWpB7D6hLjm8V9uA==}
    engines: {node: '>=6.0.0'}
    hasBin: true

  '@babel/types@7.29.8':
    resolution: {integrity: sha1-Einu8x2FFW1w+j9M2Fk3bQ6vaGM=}
    engines: {node: '>=6.9.0'}

  '@bcoe/v8-coverage@1.0.2':
    resolution: {integrity: sha1-u+EtyltO+YOg0K9LB7m8kOoKuro=}
    engines: {node: '>=18'}

  '@jridgewell/resolve-uri@3.1.2':
    resolution: {integrity: sha1-eg7mAfYPmaIMfHxf8MgDiMEYm9Y=}
    engines: {node: '>=6.0.0'}

  '@jridgewell/sourcemap-codec@1.6.0':
    resolution: {integrity: sha1-9MZj6GLwbcmMpNRThixGkCeJoY0=}

  '@jridgewell/trace-mapping@0.3.31':
    resolution: {integrity: sha1-2xXWeByTHzolGj2sOVAcmKYIL9A=}

  '@nodelib/fs.scandir@2.1.5':
    resolution: {integrity: sha1-dhnC6yGyVIP20WdUi0z9WnSIw9U=}
    engines: {node: '>= 8'}

  '@nodelib/fs.stat@2.0.5':
    resolution: {integrity: sha1-W9Jir5Tp0lvR5xsF3u1Eh2oiLos=}
    engines: {node: '>= 8'}

  '@nodelib/fs.walk@1.2.8':
    resolution: {integrity: sha1-6Vc36LtnRt3t9pxVaVNJTxlv5po=}
    engines: {node: '>= 8'}

  '@oxc-project/types@0.150.0':
    resolution: {integrity: sha512-rDS5/31E9HfPl/CIzGrn0DOlvBbXFseQ5URJ9sYMfstbKLD/c6Gm9vmRzRGDdAXyOIL4zmO37lc9RIwYqVruZw==}

  '@playwright/test@1.61.1':
    resolution: {integrity: sha1-SFaNwir3gZ5V+l6OO8ebfmo+ZnU=}
    engines: {node: '>=18'}
    hasBin: true

  '@rolldown/binding-android-arm-eabi@1.2.9':
    resolution: {integrity: sha512-tNISae1QEf/vkb3xkRcjV5SEdzPE97We5IVaa2Z8jSszQPZ8U60B/YCYpw4QI7VidYsBtKavczXf+DyDs9WGxw==}
    engines: {node: ^20.19.0 || >=22.12.0}
    cpu: [arm]
    os: [android]

  '@rolldown/binding-android-arm64@1.2.9':
    resolution: {integrity: sha512-YC8YsI30o606GTZi0VyzYlsDKFP8W61i/QzayHDkLbNEz/IShqAmTa+hsJRj13xTHA0H+6fk4b2UmGn+Q/cMlg==}
    engines: {node: ^20.19.0 || >=22.12.0}
    cpu: [arm64]
    os: [android]

  '@rolldown/binding-darwin-arm64@1.2.9':
    resolution: {integrity: sha512-IwhlH3qK5urrY8hZiEgGkHKEFN901p/p2bjxCxJlr4GyNnF7wYpUvK+Y43uaRYuC4hpfjzbR3SJC3arX1jGvmw==}
    engines: {node: ^20.19.0 || >=22.12.0}
    cpu: [arm64]
    os: [darwin]

  '@rolldown/binding-darwin-x64@1.2.9':
    resolution: {integrity: sha512-XxpJfVzFh+jilRxIXUqcfYAYcunIc/XEzIizsOL1fcJee5Sf7H3mH8WlLmfHfluz5amqR88QQo9izKtmMlavAw==}
    engines: {node: ^20.19.0 || >=22.12.0}
    cpu: [x64]
    os: [darwin]

  '@rolldown/binding-freebsd-x64@1.2.9':
    resolution: {integrity: sha512-kSfvhmgeWyfkbT3p/1s5vSgboogoah2zkm9fX2zjg2hHxSV7T4KhMWRUUaRk4OXNqoD3QAUeRqLcs1aZOK4U1g==}
    engines: {node: ^20.19.0 || >=22.12.0}
    cpu: [x64]
    os: [freebsd]

  '@rolldown/binding-linux-arm-gnueabihf@1.2.9':
    resolution: {integrity: sha512-1RVzG17pxqbTfYLC352JlLt6kKLG+6Hr30n8DlIJqsnV5luUDd2Qdx9Ayw1Cabfyb1K9k0jXEZ7evxkRoT+uiw==}
    engines: {node: ^20.19.0 || >=22.12.0}
    cpu: [arm]
    os: [linux]

  '@rolldown/binding-linux-arm64-gnu@1.2.9':
    resolution: {integrity: sha512-BXqPvZ2drqVD+/Z8UpKwcs4Mp7grM+eGFku4CAEKrEtcbAsUpzREphK1sogCRZGreVPiMkiiBtw0n3TPteuqvw==}
    engines: {node: ^20.19.0 || >=22.12.0}
    cpu: [arm64]
    os: [linux]
    libc: [glibc]

  '@rolldown/binding-linux-arm64-musl@1.2.9':
    resolution: {integrity: sha512-11vWvo8YDwLzukt27J3aYDWU+gg2P7J+ZOmiJ0hkF5BXZDW7pVya7r40MXDy6ya0i9KamoENSVKIugvJNgFXIA==}
    engines: {node: ^20.19.0 || >=22.12.0}
    cpu: [arm64]
    os: [linux]
    libc: [musl]

  '@rolldown/binding-linux-ppc64-gnu@1.2.9':
    resolution: {integrity: sha512-a1tijMkdwsIARtc0F39ApURROkf3NwqinI6TOiSSWCTR7dT96dffNvMUtDHnq64wKNTIZOIlzKrFvvFUznJiyw==}
    engines: {node: ^20.19.0 || >=22.12.0}
    cpu: [ppc64]
    os: [linux]
    libc: [glibc]

  '@rolldown/binding-linux-s390x-gnu@1.2.9':
    resolution: {integrity: sha512-x6SQNdAvv4c3hWqTMaWuawzMX9myaCs/yEmlGsxJzkdClnHW7FbrjQuSiRDhuSYzEYoEMhsaJy9qHG/XNemJPQ==}
    engines: {node: ^20.19.0 || >=22.12.0}
    cpu: [s390x]
    os: [linux]
    libc: [glibc]

  '@rolldown/binding-linux-x64-gnu@1.2.9':
    resolution: {integrity: sha512-9s0AZ8BFK5/n7B/TBoa2yJE3gI3KURrbXcPBlsAsvjU4VeJKgE90y1YtNxyEUIcHPQkg6/yfF3qihUrcM/Kf0Q==}
    engines: {node: ^20.19.0 || >=22.12.0}
    cpu: [x64]
    os: [linux]
    libc: [glibc]

  '@rolldown/binding-linux-x64-musl@1.2.9':
    resolution: {integrity: sha512-P7VWAmV+WdJluH7ovnRGoiv2i8To7GAZ+kGzfGup635cyL7SyYl3lSUaA3Gp5THf0n/Co5EyEqb2zbqq+nMOHQ==}
    engines: {node: ^20.19.0 || >=22.12.0}
    cpu: [x64]
    os: [linux]
    libc: [musl]

  '@rolldown/binding-openharmony-arm64@1.2.9':
    resolution: {integrity: sha512-1qixtsE4BK8h+yS3BfmZ09UhA7O/N4IACva6YBr7EBvCJraByTuRcgOTaiA62Tm0vey3UcKXLOaoGHtYmNGEVg==}
    engines: {node: ^20.19.0 || >=22.12.0}
    cpu: [arm64]
    os: [openharmony]

  '@rolldown/binding-win32-arm64-msvc@1.2.9':
    resolution: {integrity: sha512-ok8IQjcEPs1AKZfuEUznVBrJw+gK4soq+bx8b1X2XoMqVClarc1q5JDmVtWXY1xfr6ZuHTAsPXHTgTrqKTZeww==}
    engines: {node: ^20.19.0 || >=22.12.0}
    cpu: [arm64]
    os: [win32]

  '@rolldown/binding-win32-x64-msvc@1.2.9':
    resolution: {integrity: sha512-Ip2mXoU0hM0boq3Rf+ekuT653OROSo6aSYcPT1VHE4q52KvyxgFkQgrgb/IEsxOuvQ2fZZbs8khJAyCEPM24/g==}
    engines: {node: ^20.19.0 || >=22.12.0}
    cpu: [x64]
    os: [win32]

  '@rolldown/pluginutils@1.0.1':
    resolution: {integrity: sha1-4/zuCT+7XOdl4a0Ij/TeKIn2+b4=}

  '@sindresorhus/merge-streams@4.0.0':
    resolution: {integrity: sha1-q7Edma620n8bVjw4FHpy1QBY4zk=}
    engines: {node: '>=18'}

  '@types/chai@5.2.3':
    resolution: {integrity: sha1-jpzZ4cNYH6azQaWu1ViOsoW+C0o=}

  '@types/debug@4.1.13':
    resolution: {integrity: sha1-ItHMnVQtNZPK6nZPl0MGqzYobuc=}

  '@types/deep-eql@4.0.2':
    resolution: {integrity: sha1-M0MRlx06BxIefrkbaEpgXn7qnL0=}

  '@types/estree@1.0.9':
    resolution: {integrity: sha1-zz8Oh2177hWpOrkluCv1cKOQSiQ=}

  '@types/katex@0.16.8':
    resolution: {integrity: sha1-gL8+CBTQmoRkEqCw8UCUa3nDbD4=}

  '@types/ms@2.1.0':
    resolution: {integrity: sha1-BSqmekjszEMJ1/AZG35BQ0uQu3g=}

  '@types/unist@2.0.11':
    resolution: {integrity: sha1-Ea9XsSfjJId3SEH3pOVOqxZtA8Q=}

  '@vitest/coverage-v8@5.0.1':
    resolution: {integrity: sha512-FRC8ACiudC3dI6MTplzRSYWHDRnIv2IPfbzs4FdoJNsMal/35sWV8hwIfV8ZcqzSPy+uXHeMVONt9CEqtOU17w==}
    peerDependencies:
      '@vitest/browser': 5.0.1
      vitest: 5.0.1
    peerDependenciesMeta:
      '@vitest/browser':
        optional: true

  '@vitest/istanbul-lib-coverage@1.0.1':
    resolution: {integrity: sha1-i8/4xcsQADfNNB3vlsXJuFesvB8=}
    engines: {node: '>=22'}

  '@vitest/istanbul-lib-report@1.0.1':
    resolution: {integrity: sha1-NKng3xsAH1MdIw8bvOdDBnZp6Qs=}
    engines: {node: '>=22'}

  '@vitest/mocker@5.0.1':
    resolution: {integrity: sha512-6K1DoBNAPGvuOcSsGA4D6x+5zEEff/KmOOP3uetT2TrGpVfI+HRHRnJJfKi5ib/g1vx8IYHQD8s0pbJz8WQI7Q==}
    peerDependencies:
      msw: ^2.4.9
      vite: ^6.0.0 || ^7.0.0 || ^8.0.0
    peerDependenciesMeta:
      msw:
        optional: true
      vite:
        optional: true

  '@vitest/spy@5.0.1':
    resolution: {integrity: sha512-rbto/mF/SGERxEgYOek7Xm6B9b+y+mVoo+f4b2LymYO8zM1b7uB5nHuhVMTP2hxdzgxvGiZYGxGIaMvL5y180Q==}

  ansi-regex@6.3.0:
    resolution: {integrity: sha1-JHyOe3ChpDsQzhTAIm/L9Y6IFdU=}
    engines: {node: '>=12'}

  argparse@2.0.1:
    resolution: {integrity: sha1-JG9Q88p4oyQPbJl+ipvR6sSeSzg=}

  argparse@3.0.2:
    resolution: {integrity: sha512-mFdDM6WqWKraGLsVb+C9CahPnzTXOefAOLq3jYcca2YZ8bEWpr++Tzj+zSaKW9+X9L5uSxcm1AZ3Y6aZJ09OhQ==}

  assertion-error@2.0.1:
    resolution: {integrity: sha1-9kGhlrM1aQsQcL8AtudZP+wZC/c=}
    engines: {node: '>=12'}

  ast-v8-to-istanbul@1.0.6:
    resolution: {integrity: sha1-hwhxwxusbRdRNTmKvLFSptbpNSA=}

  axe-core@4.13.0:
    resolution: {integrity: sha1-+Gjssb1h2YIyF2DlHYQatJerhtA=}
    engines: {node: '>=4'}

  braces@3.0.3:
    resolution: {integrity: sha1-SQMy9AkZRSJy1VqEgK3AxEE1h4k=}
    engines: {node: '>=8'}

  chai@6.2.2:
    resolution: {integrity: sha1-rkG1LJrKh3NFBTYnF/MlX6zaNg4=}
    engines: {node: '>=18'}

  character-entities-legacy@3.0.0:
    resolution: {integrity: sha1-dryDqQc4kB17wiOp6TdZ/dVgEls=}

  character-entities@2.0.2:
    resolution: {integrity: sha1-LQnC5yzZUjB2zLIRV9/2atQ/zCI=}

  character-reference-invalid@2.0.1:
    resolution: {integrity: sha1-hcZrBB5DtHIQ+vQBJ4q/gIrEXLk=}

  commander@8.3.0:
    resolution: {integrity: sha1-SDfqGy2me5xhamevuw+v7lZ7ymY=}
    engines: {node: '>= 12'}

  debug@4.4.3:
    resolution: {integrity: sha1-xq5DLZvZZiWC/OCHCbA4xY6ePWo=}
    engines: {node: '>=6.0'}
    peerDependencies:
      supports-color: '*'
    peerDependenciesMeta:
      supports-color:
        optional: true

  decode-named-character-reference@1.3.0:
    resolution: {integrity: sha1-PkBgN2CHTC5YZ2kbWZ1zp9oltT8=}

  dequal@2.0.3:
    resolution: {integrity: sha1-JkQhTxmX057Q7g7OcjNUkKesZ74=}
    engines: {node: '>=6'}

  detect-libc@2.1.2:
    resolution: {integrity: sha1-aJxdzcGQDvVYOky59te0c3QgdK0=}
    engines: {node: '>=8'}

  devlop@1.1.0:
    resolution: {integrity: sha1-TbfCyk3G4Og0wwvnDJS7yXbccBg=}

  entities@8.1.0:
    resolution: {integrity: sha1-ljLWlhnr2+DPDvIvUwiP5aIWPYY=}
    engines: {node: '>=20.19.0'}

  es-module-lexer@2.3.2:
    resolution: {integrity: sha1-MR+k9AFowZdcUFR3xRsjI01BrVU=}

  estree-walker@3.0.3:
    resolution: {integrity: sha1-Z8PlSexAKkh7T8GT0ZU6UkdSNA0=}

  expect-type@1.4.0:
    resolution: {integrity: sha1-JO338MxppE0AhWe6RZSrlvPDo9Y=}
    engines: {node: '>=12.0.0'}

  fast-glob@3.3.3:
    resolution: {integrity: sha1-0G1YXOjbqQoWsFBcVDw8z7OuuBg=}
    engines: {node: '>=8.6.0'}

  fastq@1.20.3:
    resolution: {integrity: sha1-erhzHmR7VqvP7umX2uMzyj7h0E0=}

  fdir@6.5.0:
    resolution: {integrity: sha1-7Sq5Z6MxreYvGNB32uGSaE1Q01A=}
    engines: {node: '>=12.0.0'}
    peerDependencies:
      picomatch: ^3 || ^4
    peerDependenciesMeta:
      picomatch:
        optional: true

  fill-range@7.1.1:
    resolution: {integrity: sha1-RCZdPKwH4+p9wkdRY4BkN1SgUpI=}
    engines: {node: '>=8'}

  fsevents@2.3.2:
    resolution: {integrity: sha1-ilJveLj99GI7cJ4Ll1xSwkwC/Ro=}
    engines: {node: ^8.16.0 || ^10.6.0 || >=11.0.0}
    os: [darwin]

  fsevents@2.3.3:
    resolution: {integrity: sha1-ysZAd4XQNnWipeGlMFxpezR9kNY=}
    engines: {node: ^8.16.0 || ^10.6.0 || >=11.0.0}
    os: [darwin]

  get-east-asian-width@1.7.0:
    resolution: {integrity: sha512-XjH1AECxf0giL2V1aU8vKyRR2ppRUb5c0EvT7zuJTokQ74bNo52zOtghqdWIqrhUD79fo3x0WfKZdOqxF6LG1Q==}
    engines: {node: '>=18'}

  glob-parent@5.1.2:
    resolution: {integrity: sha1-hpgyxYA0/mikCTwX3BXoNA2EAcQ=}
    engines: {node: '>= 6'}

  globby@16.2.4:
    resolution: {integrity: sha1-IQjY6VKEM2a28d+cxfbns6wkYwo=}
    engines: {node: '>=20'}

  ignore@7.0.9:
    resolution: {integrity: sha1-R1shl63pFu2rBa3jXGkVGOhUM4I=}
    engines: {node: '>= 4'}

  is-alphabetical@2.0.1:
    resolution: {integrity: sha1-AQcgU+p8EDbfPH0Zptqux/GeeJs=}

  is-alphanumerical@2.0.1:
    resolution: {integrity: sha1-fAP76W4+kxET5X+WSwo2jMLf2HU=}

  is-decimal@2.0.1:
    resolution: {integrity: sha1-lGnS3BkNAhT9h9eLeMrswMwU7vc=}

  is-extglob@2.1.1:
    resolution: {integrity: sha1-qIwCU1eR8C7TfHahueqXc8gz+MI=}
    engines: {node: '>=0.10.0'}

  is-glob@4.0.3:
    resolution: {integrity: sha1-ZPYeQsu7LuwgcanawLKLoeZdUIQ=}
    engines: {node: '>=0.10.0'}

  is-hexadecimal@2.0.1:
    resolution: {integrity: sha1-hrW/Zo/KMHSY0xnfwDKJ14GpACc=}

  is-number@7.0.0:
    resolution: {integrity: sha1-dTU0W4lnNNX4DE0GxQlVUnoU8Ss=}
    engines: {node: '>=0.12.0'}

  is-path-inside@4.0.0:
    resolution: {integrity: sha1-gFrrYsR8GxL8P9E7+z7R50MAcds=}
    engines: {node: '>=12'}

  js-tokens@10.0.0:
    resolution: {integrity: sha1-3/51mbSou3/jCv+NAjUjTf+3mDE=}

  js-yaml@5.4.1:
    resolution: {integrity: sha1-RinZHUtFUfMAQ18OQSeJlxD4Fvs=}
    hasBin: true

  jsonc-parser@3.3.1:
    resolution: {integrity: sha1-8qUktPf9EePXkeVZl3rWC5i3mLQ=}

  jsonpointer@5.0.1:
    resolution: {integrity: sha1-IRDgrwkA/TdGe1kH7NE6eIShtVk=}
    engines: {node: '>=0.10.0'}

  katex@0.16.47:
    resolution: {integrity: sha1-ChOkLC3rT3TmHxYtRAuRZaVIAw8=}
    hasBin: true

  lightningcss-android-arm64@1.33.0:
    resolution: {integrity: sha1-mmhB+IrlD8g1ApA4krQa9BvCuQc=}
    engines: {node: '>= 12.0.0'}
    cpu: [arm64]
    os: [android]

  lightningcss-darwin-arm64@1.33.0:
    resolution: {integrity: sha1-wPLDHAv9GfpN0/GOlXofGhUgl9Y=}
    engines: {node: '>= 12.0.0'}
    cpu: [arm64]
    os: [darwin]

  lightningcss-darwin-x64@1.33.0:
    resolution: {integrity: sha1-ywcFllrLU4xmg5Sc5pJfs833w2E=}
    engines: {node: '>= 12.0.0'}
    cpu: [x64]
    os: [darwin]

  lightningcss-freebsd-x64@1.33.0:
    resolution: {integrity: sha1-djU4gosmurJoDa2vzITueLDrUCs=}
    engines: {node: '>= 12.0.0'}
    cpu: [x64]
    os: [freebsd]

  lightningcss-linux-arm-gnueabihf@1.33.0:
    resolution: {integrity: sha1-aGLjF2ozGu297B7TUrTX0N0HhN4=}
    engines: {node: '>= 12.0.0'}
    cpu: [arm]
    os: [linux]

  lightningcss-linux-arm64-gnu@1.33.0:
    resolution: {integrity: sha1-xqOi7RUUHa9r3CYokw+OOb30c6o=}
    engines: {node: '>= 12.0.0'}
    cpu: [arm64]
    os: [linux]
    libc: [glibc]

  lightningcss-linux-arm64-musl@1.33.0:
    resolution: {integrity: sha1-f6EzSXH8goRfmCffbvigsgkUusY=}
    engines: {node: '>= 12.0.0'}
    cpu: [arm64]
    os: [linux]
    libc: [musl]

  lightningcss-linux-x64-gnu@1.33.0:
    resolution: {integrity: sha1-i5J4YuqMK7xoMaRlCSRLUNmTblU=}
    engines: {node: '>= 12.0.0'}
    cpu: [x64]
    os: [linux]
    libc: [glibc]

  lightningcss-linux-x64-musl@1.33.0:
    resolution: {integrity: sha1-DFJbsHff2UQEwFnP5C2teX6Wrq8=}
    engines: {node: '>= 12.0.0'}
    cpu: [x64]
    os: [linux]
    libc: [musl]

  lightningcss-win32-arm64-msvc@1.33.0:
    resolution: {integrity: sha1-hQ7hED2smJz6tQ46wi0aaeOU5j0=}
    engines: {node: '>= 12.0.0'}
    cpu: [arm64]
    os: [win32]

  lightningcss-win32-x64-msvc@1.33.0:
    resolution: {integrity: sha1-40OuFS7tNgncbhGUnRo785oclG8=}
    engines: {node: '>= 12.0.0'}
    cpu: [x64]
    os: [win32]

  lightningcss@1.33.0:
    resolution: {integrity: sha1-wIhn1xp5OFxuGQIU/XL+8+X5Xws=}
    engines: {node: '>= 12.0.0'}

  linkify-it@6.1.0:
    resolution: {integrity: sha1-zXUNcP6SletxaeYy7mek/0Pn9i0=}

  magic-string@1.4.1:
    resolution: {integrity: sha512-8lyCu36ErXR0J9uaGKlKQoiLZKmtI63YGLE8G2o9jyRPdr4X47LusSOwgOJOzcVtp81fTAAjxR7BwKz682Jhow==}

  magicast@0.5.5:
    resolution: {integrity: sha512-UicdXN8zQ3JHlxVq+28afMXPr1z7WNY6+7EJnzTdQWkTAlMLF5fNCCKxJHBQwGaNGR11581EiQmQzx73+MvszA==}

  markdown-it@15.0.1:
    resolution: {integrity: sha1-M7h+r/8P6wjL717f2bwgs9kg9dg=}
    hasBin: true

  markdownlint-cli2-formatter-default@0.0.6:
    resolution: {integrity: sha1-qm2zOy+vwIAfS73e7a/BmiSZpiw=}
    peerDependencies:
      markdownlint-cli2: '>=0.0.4'

  markdownlint-cli2@0.23.3:
    resolution: {integrity: sha512-xAr5o/TGpC3v6lE6cKIW4b5eOFRrRX5u7Vtjae9ix3RALv8nNOd94XMkD/1OXXBtpMcJ4uQGbpSo3hv5UqS4uQ==}
    engines: {node: '>=22'}
    hasBin: true

  markdownlint@0.41.1:
    resolution: {integrity: sha1-jZK7JwgUiuVNDxIvhWVjiiLreuY=}
    engines: {node: '>=22'}

  mdurl@2.1.0:
    resolution: {integrity: sha1-1xHT97zn8ixIfJG+eFRfNW+pZXM=}

  merge2@1.4.1:
    resolution: {integrity: sha1-Q2iJL4hekHRVpv19xVwMnUBJkK4=}
    engines: {node: '>= 8'}

  micromark-core-commonmark@2.0.3:
    resolution: {integrity: sha1-xpFjDkhQIaaM8o28Kyyifr9njNQ=}

  micromark-extension-directive@4.0.0:
    resolution: {integrity: sha1-rzieM/4GVMFfhGa3Og9a9ZjQA2g=}

  micromark-extension-gfm-autolink-literal@2.1.0:
    resolution: {integrity: sha1-Yoau6WhsRGLB41UqnVBf7dzuuTU=}

  micromark-extension-gfm-footnote@2.1.0:
    resolution: {integrity: sha1-TatW1OOYuYU/b+TvrE/JNh8+B1A=}

  micromark-extension-gfm-table@2.1.1:
    resolution: {integrity: sha1-+scLy/Uf5l9fRAMxGNOb6Km1lAs=}

  micromark-extension-math@3.1.0:
    resolution: {integrity: sha1-xC7jsd1amgNYToPdjwjj3lECEsE=}

  micromark-factory-destination@2.0.1:
    resolution: {integrity: sha1-j++OD3CB8EdPvdkt61DJkKAmRjk=}

  micromark-factory-label@2.0.1:
    resolution: {integrity: sha1-UmfvqX8eUlTvx/ILRZo4yyEFi6E=}

  micromark-factory-space@2.0.1:
    resolution: {integrity: sha1-NtAhLpYrKzEh+FJfx6PHwCnzNPw=}

  micromark-factory-title@2.0.1:
    resolution: {integrity: sha1-I35KpdWKlYY/AQMtnumwkPHebpQ=}

  micromark-factory-whitespace@2.0.1:
    resolution: {integrity: sha1-BrJrKYPE0nv8xlezPiUTTUhosLE=}

  micromark-util-character@2.1.1:
    resolution: {integrity: sha1-L5h4MaQNTFEKwmHomFLE6XA8zaY=}

  micromark-util-chunked@2.0.1:
    resolution: {integrity: sha1-R/vNk0caP8yrhs/wOEf8NVLbEFE=}

  micromark-util-classify-character@2.0.1:
    resolution: {integrity: sha1-05n6+cRcoUyLS+mLHqSBvO2Htik=}

  micromark-util-combine-extensions@2.0.1:
    resolution: {integrity: sha1-Kg9JCrCL/1zC/V7sbdDKBPibMKk=}

  micromark-util-decode-numeric-character-reference@2.0.2:
    resolution: {integrity: sha1-/PFbZgl5OI5vEYzba/fXnXPSb+U=}

  micromark-util-encode@2.0.1:
    resolution: {integrity: sha1-DVHRwJVVHPqsNoMmljz1XxX1QLg=}

  micromark-util-html-tag-name@2.0.1:
    resolution: {integrity: sha1-5AQDCWSBmGtBwQZif5j3LU0QuCU=}

  micromark-util-normalize-identifier@2.0.1:
    resolution: {integrity: sha1-ww13sugyrPZSb4vxqke8nJQ4wW0=}

  micromark-util-resolve-all@2.0.1:
    resolution: {integrity: sha1-4aLWLN0jcjCirhGDkCexk4HjHos=}

  micromark-util-sanitize-uri@2.0.1:
    resolution: {integrity: sha1-q4l4m4GKWHUrc9a1UjhiG3+qj9c=}

  micromark-util-subtokenize@2.1.0:
    resolution: {integrity: sha1-2K3lug8xl6HPaimZ+7/mNXoaGe4=}

  micromark-util-symbol@2.0.1:
    resolution: {integrity: sha1-5dpJTo6ysHGg0I+zT2zv7GwKGbg=}

  micromark-util-types@2.0.2:
    resolution: {integrity: sha1-8AIl9fWg68MlT5bDa2YFxLOTkI4=}

  micromark@4.0.2:
    resolution: {integrity: sha1-kTlaPhiEoZjmIRbjPJxWjjmTb9s=}

  micromatch@4.0.8:
    resolution: {integrity: sha1-1m+hjzpHB2eJMgubGvMr2G2fogI=}
    engines: {node: '>=8.6'}

  ms@2.1.3:
    resolution: {integrity: sha1-V0yBOM4dK1hh8LRFedut1gxmFbI=}

  nanoid@3.3.18:
    resolution: {integrity: sha1-9mot4Rmf/eD88hyKXxMQaxwIGRM=}
    engines: {node: ^10 || ^12 || ^13.7 || ^14 || >=15.0.1}
    hasBin: true

  obug@2.2.1:
    resolution: {integrity: sha1-nEU+/u2oIgUOuXdCQulpx4TWTXg=}
    engines: {node: '>=12.20.0'}

  parse-entities@4.0.2:
    resolution: {integrity: sha1-YdRvXtKOTuYundxD1rAQGIRD8Vk=}

  picocolors@1.1.1:
    resolution: {integrity: sha1-PTIa8+q5ObCDyPkpodEs2oHCa2s=}

  picomatch@2.3.2:
    resolution: {integrity: sha1-WpQpFeJrNy3A8OZ1MUmhbmscVgE=}
    engines: {node: '>=8.6'}

  picomatch@4.0.7:
    resolution: {integrity: sha1-YxM2ADTMs2s9xh7L3/eBIfkP4h8=}
    engines: {node: '>=12'}

  playwright-core@1.61.1:
    resolution: {integrity: sha1-PJmEEwfvu6vJ1yTEGojJFHBdFfw=}
    engines: {node: '>=18'}
    hasBin: true

  playwright@1.61.1:
    resolution: {integrity: sha1-2MDAbrk8KJga/HR7rORTvb1QGLw=}
    engines: {node: '>=18'}
    hasBin: true

  postcss@8.5.23:
    resolution: {integrity: sha1-NJNVARb0eEhymDAdLC6NxaVuZZQ=}
    engines: {node: ^10 || ^12 || >=14}

  prettier@3.9.9:
    resolution: {integrity: sha512-Z/CJHIkdujO/OtN7nXUii0Rf3VT5SRuhjBA82Xvu2XhBUgX3nhP67T0LHceBdQLex7OOFGTox+Q5Yg8Jk2Qivg==}
    engines: {node: '>=14'}
    hasBin: true

  punycode.js@2.3.1:
    resolution: {integrity: sha1-a1PlatdViCNOefSv+pCXLH3Yzbc=}
    engines: {node: '>=6'}

  queue-microtask@1.2.3:
    resolution: {integrity: sha1-SSkii7xyTfrEPg77BYyve2z7YkM=}

  reusify@1.1.0:
    resolution: {integrity: sha1-D+E7lSLhRz9RtVjueW4I8R+bSJ8=}
    engines: {iojs: '>=1.0.0', node: '>=0.10.0'}

  rolldown@1.2.9:
    resolution: {integrity: sha512-hx/Pv0N1haXRb11qkfnK5MXB/iqr7i0yjWQqmO9uHqZpBgQSqzc8UsSnEpalsh+j1I8qQ2CkXAkJC8Br3dKSlg==}
    engines: {node: ^20.19.0 || >=22.12.0}
    hasBin: true

  run-parallel@1.2.0:
    resolution: {integrity: sha1-ZtE2jae9+SHrnZW9GpIp5/IaQ+4=}

  siginfo@2.0.0:
    resolution: {integrity: sha1-MudscLeXJOO7Vny51UPrhYzPrzA=}

  slash@5.1.0:
    resolution: {integrity: sha1-vjrd3N8JrDjuvo3Nx7GlenWwlc4=}
    engines: {node: '>=14.16'}

  smol-toml@1.8.0:
    resolution: {integrity: sha1-3F4JNoJfH+83vfLFaQgfcJ2KAJ8=}
    engines: {node: '>= 18'}

  source-map-js@1.2.1:
    resolution: {integrity: sha1-HOVlD93YerwJnto33P8CTCZnrkY=}
    engines: {node: '>=0.10.0'}

  stackback@0.0.2:
    resolution: {integrity: sha1-Gsig2Ug4SNFpXkGLbQMaPDzmjjs=}

  std-env@4.2.0:
    resolution: {integrity: sha1-jr4OxgSFZoq0ciezEvQlTN+AydM=}

  string-width@8.2.1:
    resolution: {integrity: sha1-FlCJz6UnzIj7wj3XMxP14zSvHqE=}
    engines: {node: '>=20'}

  strip-ansi@7.2.0:
    resolution: {integrity: sha1-0iomlSKDamJ6+NBLXD/Sx/o+MuM=}
    engines: {node: '>=12'}

  tinybench@6.1.4:
    resolution: {integrity: sha1-+FW7OtHy/oXPYkSQ1Yu09PXTDag=}
    engines: {node: '>=20.0.0'}

  tinyexec@1.3.0:
    resolution: {integrity: sha1-qswdux1Ok+atjdZJROCfmtFHpHQ=}
    engines: {node: '>=18'}

  tinyglobby@0.2.17:
    resolution: {integrity: sha1-ViqabJ6ys7Ej05cZ+a9btE/NdjE=}
    engines: {node: '>=12.0.0'}

  tinyrainbow@3.1.1:
    resolution: {integrity: sha1-wBaDh9PY1wtrPCwJNt5f7nOM6iA=}
    engines: {node: '>=14.0.0'}

  to-regex-range@5.0.1:
    resolution: {integrity: sha1-FkjESq58jZiKMmAY7XL1tN0DkuQ=}
    engines: {node: '>=8.0'}

  uc.micro@3.0.0:
    resolution: {integrity: sha1-ZNbLC/4qVYzg7HyMDciKAtiY9QY=}

  unicorn-magic@0.4.0:
    resolution: {integrity: sha1-eMagkP1tB6vSRouDs4VgPgDf2yQ=}
    engines: {node: '>=20'}

  vite@8.3.0:
    resolution: {integrity: sha512-lhZBVvEHefgE+HQZC9O7EBJgCU/nVzFNl7vkS4RE0APtWLP02/8QVIkQtzBxPquh7lq5/78NHipTj7ODQ6XuyQ==}
    engines: {node: ^20.19.0 || >=22.12.0}
    hasBin: true
    peerDependencies:
      '@types/node': ^20.19.0 || >=22.12.0
      '@vitejs/devtools': ^0.7.1
      esbuild: ^0.27.0 || ^0.28.0
      jiti: '>=1.21.0'
      less: ^4.0.0
      sass: ^1.70.0
      sass-embedded: ^1.70.0
      stylus: '>=0.54.8'
      sugarss: ^5.0.0
      terser: ^5.16.0
      tsx: ^4.8.1
      yaml: ^2.4.2
    peerDependenciesMeta:
      '@types/node':
        optional: true
      '@vitejs/devtools':
        optional: true
      esbuild:
        optional: true
      jiti:
        optional: true
      less:
        optional: true
      sass:
        optional: true
      sass-embedded:
        optional: true
      stylus:
        optional: true
      sugarss:
        optional: true
      terser:
        optional: true
      tsx:
        optional: true
      yaml:
        optional: true

  vitest@5.0.1:
    resolution: {integrity: sha512-iA95lQbKEkvrtTkdAgnWbXfbipWiiWe/hDl2P5tMi6WFwD76G0NxXAGp/M9EOcYupeGJRr6wppMc7CoA41TQjg==}
    engines: {node: ^22.12.0 || ^24.0.0 || >=26.0.0}
    hasBin: true
    peerDependencies:
      '@edge-runtime/vm': '*'
      '@opentelemetry/api': ^1.9.0
      '@types/node': ^22.0.0 || >=24.0.0
      '@vitest/browser-playwright': 5.0.1
      '@vitest/browser-preview': 5.0.1
      '@vitest/browser-webdriverio': ^5.0.0-beta.5 || >=5.0.0
      '@vitest/coverage-istanbul': 5.0.1
      '@vitest/coverage-v8': 5.0.1
      '@vitest/ui': 5.0.1
      happy-dom: '*'
      jsdom: '*'
      vite: ^6.4.0 || ^7.0.0 || ^8.0.0
    peerDependenciesMeta:
      '@edge-runtime/vm':
        optional: true
      '@opentelemetry/api':
        optional: true
      '@types/node':
        optional: true
      '@vitest/browser-playwright':
        optional: true
      '@vitest/browser-preview':
        optional: true
      '@vitest/browser-webdriverio':
        optional: true
      '@vitest/coverage-istanbul':
        optional: true
      '@vitest/coverage-v8':
        optional: true
      '@vitest/ui':
        optional: true
      happy-dom:
        optional: true
      jsdom:
        optional: true

  why-is-node-running@2.3.0:
    resolution: {integrity: sha1-o/aalxB/SUs83Dvd3Yg6fWXOvwQ=}
    engines: {node: '>=8'}
    hasBin: true

snapshots:

  '@axe-core/playwright@4.13.0(playwright-core@1.61.1)':
    dependencies:
      axe-core: 4.13.0
      playwright-core: 1.61.1

  '@babel/helper-string-parser@7.29.7': {}

  '@babel/helper-validator-identifier@7.29.7': {}

  '@babel/parser@7.29.9':
    dependencies:
      '@babel/types': 7.29.8

  '@babel/types@7.29.8':
    dependencies:
      '@babel/helper-string-parser': 7.29.7
      '@babel/helper-validator-identifier': 7.29.7

  '@bcoe/v8-coverage@1.0.2': {}

  '@jridgewell/resolve-uri@3.1.2': {}

  '@jridgewell/sourcemap-codec@1.6.0': {}

  '@jridgewell/trace-mapping@0.3.31':
    dependencies:
      '@jridgewell/resolve-uri': 3.1.2
      '@jridgewell/sourcemap-codec': 1.6.0

  '@nodelib/fs.scandir@2.1.5':
    dependencies:
      '@nodelib/fs.stat': 2.0.5
      run-parallel: 1.2.0

  '@nodelib/fs.stat@2.0.5': {}

  '@nodelib/fs.walk@1.2.8':
    dependencies:
      '@nodelib/fs.scandir': 2.1.5
      fastq: 1.20.3

  '@oxc-project/types@0.150.0': {}

  '@playwright/test@1.61.1':
    dependencies:
      playwright: 1.61.1

  '@rolldown/binding-android-arm-eabi@1.2.9':
    optional: true

  '@rolldown/binding-android-arm64@1.2.9':
    optional: true

  '@rolldown/binding-darwin-arm64@1.2.9':
    optional: true

  '@rolldown/binding-darwin-x64@1.2.9':
    optional: true

  '@rolldown/binding-freebsd-x64@1.2.9':
    optional: true

  '@rolldown/binding-linux-arm-gnueabihf@1.2.9':
    optional: true

  '@rolldown/binding-linux-arm64-gnu@1.2.9':
    optional: true

  '@rolldown/binding-linux-arm64-musl@1.2.9':
    optional: true

  '@rolldown/binding-linux-ppc64-gnu@1.2.9':
    optional: true

  '@rolldown/binding-linux-s390x-gnu@1.2.9':
    optional: true

  '@rolldown/binding-linux-x64-gnu@1.2.9':
    optional: true

  '@rolldown/binding-linux-x64-musl@1.2.9':
    optional: true

  '@rolldown/binding-openharmony-arm64@1.2.9':
    optional: true

  '@rolldown/binding-win32-arm64-msvc@1.2.9':
    optional: true

  '@rolldown/binding-win32-x64-msvc@1.2.9':
    optional: true

  '@rolldown/pluginutils@1.0.1': {}

  '@sindresorhus/merge-streams@4.0.0': {}

  '@types/chai@5.2.3':
    dependencies:
      '@types/deep-eql': 4.0.2
      assertion-error: 2.0.1

  '@types/debug@4.1.13':
    dependencies:
      '@types/ms': 2.1.0

  '@types/deep-eql@4.0.2': {}

  '@types/estree@1.0.9': {}

  '@types/katex@0.16.8': {}

  '@types/ms@2.1.0': {}

  '@types/unist@2.0.11': {}

  '@vitest/coverage-v8@5.0.1(vitest@5.0.1)':
    dependencies:
      '@bcoe/v8-coverage': 1.0.2
      '@vitest/istanbul-lib-coverage': 1.0.1
      '@vitest/istanbul-lib-report': 1.0.1
      ast-v8-to-istanbul: 1.0.6
      magicast: 0.5.5
      obug: 2.2.1
      std-env: 4.2.0
      tinyrainbow: 3.1.1
      vitest: 5.0.1(@vitest/coverage-v8@5.0.1)(vite@8.3.0)

  '@vitest/istanbul-lib-coverage@1.0.1': {}

  '@vitest/istanbul-lib-report@1.0.1':
    dependencies:
      '@vitest/istanbul-lib-coverage': 1.0.1

  '@vitest/mocker@5.0.1(vite@8.3.0)':
    dependencies:
      '@jridgewell/trace-mapping': 0.3.31
      '@vitest/spy': 5.0.1
      estree-walker: 3.0.3
      magic-string: 1.4.1
    optionalDependencies:
      vite: 8.3.0

  '@vitest/spy@5.0.1': {}

  ansi-regex@6.3.0: {}

  argparse@2.0.1: {}

  argparse@3.0.2: {}

  assertion-error@2.0.1: {}

  ast-v8-to-istanbul@1.0.6:
    dependencies:
      '@jridgewell/trace-mapping': 0.3.31
      estree-walker: 3.0.3
      js-tokens: 10.0.0

  axe-core@4.13.0: {}

  braces@3.0.3:
    dependencies:
      fill-range: 7.1.1

  chai@6.2.2: {}

  character-entities-legacy@3.0.0: {}

  character-entities@2.0.2: {}

  character-reference-invalid@2.0.1: {}

  commander@8.3.0: {}

  debug@4.4.3:
    dependencies:
      ms: 2.1.3

  decode-named-character-reference@1.3.0:
    dependencies:
      character-entities: 2.0.2

  dequal@2.0.3: {}

  detect-libc@2.1.2: {}

  devlop@1.1.0:
    dependencies:
      dequal: 2.0.3

  entities@8.1.0: {}

  es-module-lexer@2.3.2: {}

  estree-walker@3.0.3:
    dependencies:
      '@types/estree': 1.0.9

  expect-type@1.4.0: {}

  fast-glob@3.3.3:
    dependencies:
      '@nodelib/fs.stat': 2.0.5
      '@nodelib/fs.walk': 1.2.8
      glob-parent: 5.1.2
      merge2: 1.4.1
      micromatch: 4.0.8

  fastq@1.20.3:
    dependencies:
      reusify: 1.1.0

  fdir@6.5.0(picomatch@4.0.7):
    optionalDependencies:
      picomatch: 4.0.7

  fill-range@7.1.1:
    dependencies:
      to-regex-range: 5.0.1

  fsevents@2.3.2:
    optional: true

  fsevents@2.3.3:
    optional: true

  get-east-asian-width@1.7.0: {}

  glob-parent@5.1.2:
    dependencies:
      is-glob: 4.0.3

  globby@16.2.4:
    dependencies:
      '@sindresorhus/merge-streams': 4.0.0
      fast-glob: 3.3.3
      ignore: 7.0.9
      is-path-inside: 4.0.0
      micromatch: 4.0.8
      slash: 5.1.0
      unicorn-magic: 0.4.0

  ignore@7.0.9: {}

  is-alphabetical@2.0.1: {}

  is-alphanumerical@2.0.1:
    dependencies:
      is-alphabetical: 2.0.1
      is-decimal: 2.0.1

  is-decimal@2.0.1: {}

  is-extglob@2.1.1: {}

  is-glob@4.0.3:
    dependencies:
      is-extglob: 2.1.1

  is-hexadecimal@2.0.1: {}

  is-number@7.0.0: {}

  is-path-inside@4.0.0: {}

  js-tokens@10.0.0: {}

  js-yaml@5.4.1:
    dependencies:
      argparse: 2.0.1

  jsonc-parser@3.3.1: {}

  jsonpointer@5.0.1: {}

  katex@0.16.47:
    dependencies:
      commander: 8.3.0

  lightningcss-android-arm64@1.33.0:
    optional: true

  lightningcss-darwin-arm64@1.33.0:
    optional: true

  lightningcss-darwin-x64@1.33.0:
    optional: true

  lightningcss-freebsd-x64@1.33.0:
    optional: true

  lightningcss-linux-arm-gnueabihf@1.33.0:
    optional: true

  lightningcss-linux-arm64-gnu@1.33.0:
    optional: true

  lightningcss-linux-arm64-musl@1.33.0:
    optional: true

  lightningcss-linux-x64-gnu@1.33.0:
    optional: true

  lightningcss-linux-x64-musl@1.33.0:
    optional: true

  lightningcss-win32-arm64-msvc@1.33.0:
    optional: true

  lightningcss-win32-x64-msvc@1.33.0:
    optional: true

  lightningcss@1.33.0:
    dependencies:
      detect-libc: 2.1.2
    optionalDependencies:
      lightningcss-android-arm64: 1.33.0
      lightningcss-darwin-arm64: 1.33.0
      lightningcss-darwin-x64: 1.33.0
      lightningcss-freebsd-x64: 1.33.0
      lightningcss-linux-arm-gnueabihf: 1.33.0
      lightningcss-linux-arm64-gnu: 1.33.0
      lightningcss-linux-arm64-musl: 1.33.0
      lightningcss-linux-x64-gnu: 1.33.0
      lightningcss-linux-x64-musl: 1.33.0
      lightningcss-win32-arm64-msvc: 1.33.0
      lightningcss-win32-x64-msvc: 1.33.0

  linkify-it@6.1.0:
    dependencies:
      uc.micro: 3.0.0

  magic-string@1.4.1:
    dependencies:
      '@jridgewell/sourcemap-codec': 1.6.0

  magicast@0.5.5:
    dependencies:
      '@babel/parser': 7.29.9
      '@babel/types': 7.29.8
      source-map-js: 1.2.1

  markdown-it@15.0.1:
    dependencies:
      argparse: 3.0.2
      entities: 8.1.0
      linkify-it: 6.1.0
      mdurl: 2.1.0
      punycode.js: 2.3.1
      uc.micro: 3.0.0

  markdownlint-cli2-formatter-default@0.0.6(markdownlint-cli2@0.23.3):
    dependencies:
      markdownlint-cli2: 0.23.3

  markdownlint-cli2@0.23.3:
    dependencies:
      globby: 16.2.4
      js-yaml: 5.4.1
      jsonc-parser: 3.3.1
      jsonpointer: 5.0.1
      markdown-it: 15.0.1
      markdownlint: 0.41.1
      markdownlint-cli2-formatter-default: 0.0.6(markdownlint-cli2@0.23.3)
      micromatch: 4.0.8
      smol-toml: 1.8.0
    transitivePeerDependencies:
      - supports-color

  markdownlint@0.41.1:
    dependencies:
      micromark: 4.0.2
      micromark-core-commonmark: 2.0.3
      micromark-extension-directive: 4.0.0
      micromark-extension-gfm-autolink-literal: 2.1.0
      micromark-extension-gfm-footnote: 2.1.0
      micromark-extension-gfm-table: 2.1.1
      micromark-extension-math: 3.1.0
      micromark-util-types: 2.0.2
      string-width: 8.2.1
    transitivePeerDependencies:
      - supports-color

  mdurl@2.1.0: {}

  merge2@1.4.1: {}

  micromark-core-commonmark@2.0.3:
    dependencies:
      decode-named-character-reference: 1.3.0
      devlop: 1.1.0
      micromark-factory-destination: 2.0.1
      micromark-factory-label: 2.0.1
      micromark-factory-space: 2.0.1
      micromark-factory-title: 2.0.1
      micromark-factory-whitespace: 2.0.1
      micromark-util-character: 2.1.1
      micromark-util-chunked: 2.0.1
      micromark-util-classify-character: 2.0.1
      micromark-util-html-tag-name: 2.0.1
      micromark-util-normalize-identifier: 2.0.1
      micromark-util-resolve-all: 2.0.1
      micromark-util-subtokenize: 2.1.0
      micromark-util-symbol: 2.0.1
      micromark-util-types: 2.0.2

  micromark-extension-directive@4.0.0:
    dependencies:
      devlop: 1.1.0
      micromark-factory-space: 2.0.1
      micromark-factory-whitespace: 2.0.1
      micromark-util-character: 2.1.1
      micromark-util-symbol: 2.0.1
      micromark-util-types: 2.0.2
      parse-entities: 4.0.2

  micromark-extension-gfm-autolink-literal@2.1.0:
    dependencies:
      micromark-util-character: 2.1.1
      micromark-util-sanitize-uri: 2.0.1
      micromark-util-symbol: 2.0.1
      micromark-util-types: 2.0.2

  micromark-extension-gfm-footnote@2.1.0:
    dependencies:
      devlop: 1.1.0
      micromark-core-commonmark: 2.0.3
      micromark-factory-space: 2.0.1
      micromark-util-character: 2.1.1
      micromark-util-normalize-identifier: 2.0.1
      micromark-util-sanitize-uri: 2.0.1
      micromark-util-symbol: 2.0.1
      micromark-util-types: 2.0.2

  micromark-extension-gfm-table@2.1.1:
    dependencies:
      devlop: 1.1.0
      micromark-factory-space: 2.0.1
      micromark-util-character: 2.1.1
      micromark-util-symbol: 2.0.1
      micromark-util-types: 2.0.2

  micromark-extension-math@3.1.0:
    dependencies:
      '@types/katex': 0.16.8
      devlop: 1.1.0
      katex: 0.16.47
      micromark-factory-space: 2.0.1
      micromark-util-character: 2.1.1
      micromark-util-symbol: 2.0.1
      micromark-util-types: 2.0.2

  micromark-factory-destination@2.0.1:
    dependencies:
      micromark-util-character: 2.1.1
      micromark-util-symbol: 2.0.1
      micromark-util-types: 2.0.2

  micromark-factory-label@2.0.1:
    dependencies:
      devlop: 1.1.0
      micromark-util-character: 2.1.1
      micromark-util-symbol: 2.0.1
      micromark-util-types: 2.0.2

  micromark-factory-space@2.0.1:
    dependencies:
      micromark-util-character: 2.1.1
      micromark-util-types: 2.0.2

  micromark-factory-title@2.0.1:
    dependencies:
      micromark-factory-space: 2.0.1
      micromark-util-character: 2.1.1
      micromark-util-symbol: 2.0.1
      micromark-util-types: 2.0.2

  micromark-factory-whitespace@2.0.1:
    dependencies:
      micromark-factory-space: 2.0.1
      micromark-util-character: 2.1.1
      micromark-util-symbol: 2.0.1
      micromark-util-types: 2.0.2

  micromark-util-character@2.1.1:
    dependencies:
      micromark-util-symbol: 2.0.1
      micromark-util-types: 2.0.2

  micromark-util-chunked@2.0.1:
    dependencies:
      micromark-util-symbol: 2.0.1

  micromark-util-classify-character@2.0.1:
    dependencies:
      micromark-util-character: 2.1.1
      micromark-util-symbol: 2.0.1
      micromark-util-types: 2.0.2

  micromark-util-combine-extensions@2.0.1:
    dependencies:
      micromark-util-chunked: 2.0.1
      micromark-util-types: 2.0.2

  micromark-util-decode-numeric-character-reference@2.0.2:
    dependencies:
      micromark-util-symbol: 2.0.1

  micromark-util-encode@2.0.1: {}

  micromark-util-html-tag-name@2.0.1: {}

  micromark-util-normalize-identifier@2.0.1:
    dependencies:
      micromark-util-symbol: 2.0.1

  micromark-util-resolve-all@2.0.1:
    dependencies:
      micromark-util-types: 2.0.2

  micromark-util-sanitize-uri@2.0.1:
    dependencies:
      micromark-util-character: 2.1.1
      micromark-util-encode: 2.0.1
      micromark-util-symbol: 2.0.1

  micromark-util-subtokenize@2.1.0:
    dependencies:
      devlop: 1.1.0
      micromark-util-chunked: 2.0.1
      micromark-util-symbol: 2.0.1
      micromark-util-types: 2.0.2

  micromark-util-symbol@2.0.1: {}

  micromark-util-types@2.0.2: {}

  micromark@4.0.2:
    dependencies:
      '@types/debug': 4.1.13
      debug: 4.4.3
      decode-named-character-reference: 1.3.0
      devlop: 1.1.0
      micromark-core-commonmark: 2.0.3
      micromark-factory-space: 2.0.1
      micromark-util-character: 2.1.1
      micromark-util-chunked: 2.0.1
      micromark-util-combine-extensions: 2.0.1
      micromark-util-decode-numeric-character-reference: 2.0.2
      micromark-util-encode: 2.0.1
      micromark-util-normalize-identifier: 2.0.1
      micromark-util-resolve-all: 2.0.1
      micromark-util-sanitize-uri: 2.0.1
      micromark-util-subtokenize: 2.1.0
      micromark-util-symbol: 2.0.1
      micromark-util-types: 2.0.2
    transitivePeerDependencies:
      - supports-color

  micromatch@4.0.8:
    dependencies:
      braces: 3.0.3
      picomatch: 2.3.2

  ms@2.1.3: {}

  nanoid@3.3.18: {}

  obug@2.2.1: {}

  parse-entities@4.0.2:
    dependencies:
      '@types/unist': 2.0.11
      character-entities-legacy: 3.0.0
      character-reference-invalid: 2.0.1
      decode-named-character-reference: 1.3.0
      is-alphanumerical: 2.0.1
      is-decimal: 2.0.1
      is-hexadecimal: 2.0.1

  picocolors@1.1.1: {}

  picomatch@2.3.2: {}

  picomatch@4.0.7: {}

  playwright-core@1.61.1: {}

  playwright@1.61.1:
    dependencies:
      playwright-core: 1.61.1
    optionalDependencies:
      fsevents: 2.3.2

  postcss@8.5.23:
    dependencies:
      nanoid: 3.3.18
      picocolors: 1.1.1
      source-map-js: 1.2.1

  prettier@3.9.9: {}

  punycode.js@2.3.1: {}

  queue-microtask@1.2.3: {}

  reusify@1.1.0: {}

  rolldown@1.2.9:
    dependencies:
      '@oxc-project/types': 0.150.0
      '@rolldown/pluginutils': 1.0.1
    optionalDependencies:
      '@rolldown/binding-android-arm-eabi': 1.2.9
      '@rolldown/binding-android-arm64': 1.2.9
      '@rolldown/binding-darwin-arm64': 1.2.9
      '@rolldown/binding-darwin-x64': 1.2.9
      '@rolldown/binding-freebsd-x64': 1.2.9
      '@rolldown/binding-linux-arm-gnueabihf': 1.2.9
      '@rolldown/binding-linux-arm64-gnu': 1.2.9
      '@rolldown/binding-linux-arm64-musl': 1.2.9
      '@rolldown/binding-linux-ppc64-gnu': 1.2.9
      '@rolldown/binding-linux-s390x-gnu': 1.2.9
      '@rolldown/binding-linux-x64-gnu': 1.2.9
      '@rolldown/binding-linux-x64-musl': 1.2.9
      '@rolldown/binding-openharmony-arm64': 1.2.9
      '@rolldown/binding-win32-arm64-msvc': 1.2.9
      '@rolldown/binding-win32-x64-msvc': 1.2.9

  run-parallel@1.2.0:
    dependencies:
      queue-microtask: 1.2.3

  siginfo@2.0.0: {}

  slash@5.1.0: {}

  smol-toml@1.8.0: {}

  source-map-js@1.2.1: {}

  stackback@0.0.2: {}

  std-env@4.2.0: {}

  string-width@8.2.1:
    dependencies:
      get-east-asian-width: 1.7.0
      strip-ansi: 7.2.0

  strip-ansi@7.2.0:
    dependencies:
      ansi-regex: 6.3.0

  tinybench@6.1.4: {}

  tinyexec@1.3.0: {}

  tinyglobby@0.2.17:
    dependencies:
      fdir: 6.5.0(picomatch@4.0.7)
      picomatch: 4.0.7

  tinyrainbow@3.1.1: {}

  to-regex-range@5.0.1:
    dependencies:
      is-number: 7.0.0

  uc.micro@3.0.0: {}

  unicorn-magic@0.4.0: {}

  vite@8.3.0:
    dependencies:
      lightningcss: 1.33.0
      picomatch: 4.0.7
      postcss: 8.5.23
      rolldown: 1.2.9
      tinyglobby: 0.2.17
    optionalDependencies:
      fsevents: 2.3.3

  vitest@5.0.1(@vitest/coverage-v8@5.0.1)(vite@8.3.0):
    dependencies:
      '@types/chai': 5.2.3
      '@vitest/mocker': 5.0.1(vite@8.3.0)
      chai: 6.2.2
      es-module-lexer: 2.3.2
      expect-type: 1.4.0
      magic-string: 1.4.1
      obug: 2.2.1
      picomatch: 4.0.7
      std-env: 4.2.0
      tinybench: 6.1.4
      tinyexec: 1.3.0
      tinyglobby: 0.2.17
      vite: 8.3.0
      why-is-node-running: 2.3.0
    optionalDependencies:
      '@vitest/coverage-v8': 5.0.1(vitest@5.0.1)
    transitivePeerDependencies:
      - msw

  why-is-node-running@2.3.0:
    dependencies:
      siginfo: 2.0.0
      stackback: 0.0.2
